// !$*UTF8*$!
{
	archiveVersion = 1;
	classes = {
	};
	objectVersion = 50;
	objects = {

/* Begin PBXBuildFile section */
		D17FA3CC22FD09B00054A2DE /* AppDelegate.swift in Sources */ = {isa = PBXBuildFile; fileRef = D17FA3CB22FD09B00054A2DE /* AppDelegate.swift */; };
		D17FA3CE22FD09B00054A2DE /* FirstVC.swift in Sources */ = {isa = PBXBuildFile; fileRef = D17FA3CD22FD09B00054A2DE /* FirstVC.swift */; };
		D17FA3D122FD09B00054A2DE /* Main.storyboard in Resources */ = {isa = PBXBuildFile; fileRef = D17FA3CF22FD09B00054A2DE /* Main.storyboard */; };
		D17FA3D322FD09B00054A2DE /* Assets.xcassets in Resources */ = {isa = PBXBuildFile; fileRef = D17FA3D222FD09B00054A2DE /* Assets.xcassets */; };
		D17FA3D622FD09B00054A2DE /* LaunchScreen.storyboard in Resources */ = {isa = PBXBuildFile; fileRef = D17FA3D422FD09B00054A2DE /* LaunchScreen.storyboard */; };
		D17FA3DE22FD14190054A2DE /* ReadViewController.swift in Sources */ = {isa = PBXBuildFile; fileRef = D17FA3DD22FD14190054A2DE /* ReadViewController.swift */; };
		D17FA3E022FD58430054A2DE /* SecondVC.swift in Sources */ = {isa = PBXBuildFile; fileRef = D17FA3DF22FD58430054A2DE /* SecondVC.swift */; };
		D17FA3E222FD58530054A2DE /* ThirdVC.swift in Sources */ = {isa = PBXBuildFile; fileRef = D17FA3E122FD58530054A2DE /* ThirdVC.swift */; };
		D17FA40B22FD5ED20054A2DE /* facebook@2x.png in Resources */ = {isa = PBXBuildFile; fileRef = D17FA3FE22FD5ED00054A2DE /* facebook@2x.png */; };
		D17FA40C22FD5ED20054A2DE /* checkmark@2x.png in Resources */ = {isa = PBXBuildFile; fileRef = D17FA3FF22FD5ED00054A2DE /* checkmark@2x.png */; };
		D17FA40D22FD5ED20054A2DE /* designbump@2x.png in Resources */ = {isa = PBXBuildFile; fileRef = D17FA40022FD5ED00054A2DE /* designbump@2x.png */; };
		D17FA40E22FD5ED20054A2DE /* twitter@2x.png in Resources */ = {isa = PBXBuildFile; fileRef = D17FA40122FD5ED10054A2DE /* twitter@2x.png */; };
		D17FA40F22FD5ED20054A2DE /* calendar.png in Resources */ = {isa = PBXBuildFile; fileRef = D17FA40222FD5ED10054A2DE /* calendar.png */; };
		D17FA41022FD5ED20054A2DE /* file-tree.png in Resources */ = {isa = PBXBuildFile; fileRef = D17FA40322FD5ED10054A2DE /* file-tree.png */; };
		D17FA41122FD5ED20054A2DE /* menubar-bg.png in Resources */ = {isa = PBXBuildFile; fileRef = D17FA40422FD5ED10054A2DE /* menubar-bg.png */; };
		D17FA41222FD5ED20054A2DE /* photo.png in Resources */ = {isa = PBXBuildFile; fileRef = D17FA40522FD5ED10054A2DE /* photo.png */; };
		D17FA41322FD5ED20054A2DE /* menubar-bg-mini.png in Resources */ = {isa = PBXBuildFile; fileRef = D17FA40622FD5ED10054A2DE /* menubar-bg-mini.png */; };
		D17FA41422FD5ED20054A2DE /* homes_119.png in Resources */ = {isa = PBXBuildFile; fileRef = D17FA40722FD5ED10054A2DE /* homes_119.png */; };
		D17FA41522FD5ED20054A2DE /* rss@2x.png in Resources */ = {isa = PBXBuildFile; fileRef = D17FA40822FD5ED10054A2DE /* rss@2x.png */; };
		D17FA41622FD5ED20054A2DE /* google@2x.png in Resources */ = {isa = PBXBuildFile; fileRef = D17FA40922FD5ED20054A2DE /* google@2x.png */; };
		D17FA41722FD5ED20054A2DE /* connectivity-bar.png in Resources */ = {isa = PBXBuildFile; fileRef = D17FA40A22FD5ED20054A2DE /* connectivity-bar.png */; };
		D17FA41922FD7CF10054A2DE /* NewAppDelegate.swift in Sources */ = {isa = PBXBuildFile; fileRef = D17FA41822FD7CF10054A2DE /* NewAppDelegate.swift */; };
		D17FA43B2300EEA20054A2DE /* more@2x.png in Resources */ = {isa = PBXBuildFile; fileRef = D17FA4382300EEA20054A2DE /* more@2x.png */; };
		D17FA43C2300EEA20054A2DE /* arrow-back@2x.png in Resources */ = {isa = PBXBuildFile; fileRef = D17FA4392300EEA20054A2DE /* arrow-back@2x.png */; };
		D17FA43D2300EEA20054A2DE /* swift_logo@3x.png in Resources */ = {isa = PBXBuildFile; fileRef = D17FA43A2300EEA20054A2DE /* swift_logo@3x.png */; };
		D17FA441230107C60054A2DE /* MapKitVC.swift in Sources */ = {isa = PBXBuildFile; fileRef = D17FA440230107C60054A2DE /* MapKitVC.swift */; };
		D17FA44423010DCD0054A2DE /* note.png in Resources */ = {isa = PBXBuildFile; fileRef = D17FA44223010DCD0054A2DE /* note.png */; };
		D17FA44523010DCD0054A2DE /* rating5@2x.png in Resources */ = {isa = PBXBuildFile; fileRef = D17FA44323010DCD0054A2DE /* rating5@2x.png */; };
		D17FA44723010E990054A2DE /* ImageVC.swift in Sources */ = {isa = PBXBuildFile; fileRef = D17FA44623010E990054A2DE /* ImageVC.swift */; };
		D17FA449230114430054A2DE /* ControlVC.swift in Sources */ = {isa = PBXBuildFile; fileRef = D17FA448230114430054A2DE /* ControlVC.swift */; };
		D17FA44B23012D0D0054A2DE /* ListVC.swift in Sources */ = {isa = PBXBuildFile; fileRef = D17FA44A23012D0D0054A2DE /* ListVC.swift */; };
		D17FA44D2301410F0054A2DE /* CSButton.swift in Sources */ = {isa = PBXBuildFile; fileRef = D17FA44C2301410F0054A2DE /* CSButton.swift */; };
/* End PBXBuildFile section */

/* Begin PBXFileReference section */
		D17FA3C822FD09B00054A2DE /* inputForm.app */ = {isa = PBXFileReference; explicitFileType = wrapper.application; includeInIndex = 0; path = inputForm.app; sourceTree = BUILT_PRODUCTS_DIR; };
		D17FA3CB22FD09B00054A2DE /* AppDelegate.swift */ = {isa = PBXFileReference; lastKnownFileType = sourcecode.swift; path = AppDelegate.swift; sourceTree = "<group>"; };
		D17FA3CD22FD09B00054A2DE /* FirstVC.swift */ = {isa = PBXFileReference; lastKnownFileType = sourcecode.swift; path = FirstVC.swift; sourceTree = "<group>"; };
		D17FA3D022FD09B00054A2DE /* Base */ = {isa = PBXFileReference; lastKnownFileType = file.storyboard; name = Base; path = Base.lproj/Main.storyboard; sourceTree = "<group>"; };
		D17FA3D222FD09B00054A2DE /* Assets.xcassets */ = {isa = PBXFileReference; lastKnownFileType = folder.assetcatalog; path = Assets.xcassets; sourceTree = "<group>"; };
		D17FA3D522FD09B00054A2DE /* Base */ = {isa = PBXFileReference; lastKnownFileType = file.storyboard; name = Base; path = Base.lproj/LaunchScreen.storyboard; sourceTree = "<group>"; };
		D17FA3D722FD09B00054A2DE /* Info.plist */ = {isa = PBXFileReference; lastKnownFileType = text.plist.xml; path = Info.plist; sourceTree = "<group>"; };
		D17FA3DD22FD14190054A2DE /* ReadViewController.swift */ = {isa = PBXFileReference; lastKnownFileType = sourcecode.swift; path = ReadViewController.swift; sourceTree = "<group>"; };
		D17FA3DF22FD58430054A2DE /* SecondVC.swift */ = {isa = PBXFileReference; lastKnownFileType = sourcecode.swift; path = SecondVC.swift; sourceTree = "<group>"; };
		D17FA3E122FD58530054A2DE /* ThirdVC.swift */ = {isa = PBXFileReference; lastKnownFileType = sourcecode.swift; path = ThirdVC.swift; sourceTree = "<group>"; };
		D17FA3FE22FD5ED00054A2DE /* facebook@2x.png */ = {isa = PBXFileReference; lastKnownFileType = image.png; path = "facebook@2x.png"; sourceTree = "<group>"; };
		D17FA3FF22FD5ED00054A2DE /* checkmark@2x.png */ = {isa = PBXFileReference; lastKnownFileType = image.png; path = "checkmark@2x.png"; sourceTree = "<group>"; };
		D17FA40022FD5ED00054A2DE /* designbump@2x.png */ = {isa = PBXFileReference; lastKnownFileType = image.png; path = "designbump@2x.png"; sourceTree = "<group>"; };
		D17FA40122FD5ED10054A2DE /* twitter@2x.png */ = {isa = PBXFileReference; lastKnownFileType = image.png; path = "twitter@2x.png"; sourceTree = "<group>"; };
		D17FA40222FD5ED10054A2DE /* calendar.png */ = {isa = PBXFileReference; lastKnownFileType = image.png; path = calendar.png; sourceTree = "<group>"; };
		D17FA40322FD5ED10054A2DE /* file-tree.png */ = {isa = PBXFileReference; lastKnownFileType = image.png; path = "file-tree.png"; sourceTree = "<group>"; };
		D17FA40422FD5ED10054A2DE /* menubar-bg.png */ = {isa = PBXFileReference; lastKnownFileType = image.png; path = "menubar-bg.png"; sourceTree = "<group>"; };
		D17FA40522FD5ED10054A2DE /* photo.png */ = {isa = PBXFileReference; lastKnownFileType = image.png; path = photo.png; sourceTree = "<group>"; };
		D17FA40622FD5ED10054A2DE /* menubar-bg-mini.png */ = {isa = PBXFileReference; lastKnownFileType = image.png; path = "menubar-bg-mini.png"; sourceTree = "<group>"; };
		D17FA40722FD5ED10054A2DE /* homes_119.png */ = {isa = PBXFileReference; lastKnownFileType = image.png; path = homes_119.png; sourceTree = "<group>"; };
		D17FA40822FD5ED10054A2DE /* rss@2x.png */ = {isa = PBXFileReference; lastKnownFileType = image.png; path = "rss@2x.png"; sourceTree = "<group>"; };
		D17FA40922FD5ED20054A2DE /* google@2x.png */ = {isa = PBXFileReference; lastKnownFileType = image.png; path = "google@2x.png"; sourceTree = "<group>"; };
		D17FA40A22FD5ED20054A2DE /* connectivity-bar.png */ = {isa = PBXFileReference; lastKnownFileType = image.png; path = "connectivity-bar.png"; sourceTree = "<group>"; };
		D17FA41822FD7CF10054A2DE /* NewAppDelegate.swift */ = {isa = PBXFileReference; lastKnownFileType = sourcecode.swift; path = NewAppDelegate.swift; sourceTree = "<group>"; };
		D17FA4382300EEA20054A2DE /* more@2x.png */ = {isa = PBXFileReference; lastKnownFileType = image.png; path = "more@2x.png"; sourceTree = "<group>"; };
		D17FA4392300EEA20054A2DE /* arrow-back@2x.png */ = {isa = PBXFileReference; lastKnownFileType = image.png; path = "arrow-back@2x.png"; sourceTree = "<group>"; };
		D17FA43A2300EEA20054A2DE /* swift_logo@3x.png */ = {isa = PBXFileReference; lastKnownFileType = image.png; path = "swift_logo@3x.png"; sourceTree = "<group>"; };
		D17FA440230107C60054A2DE /* MapKitVC.swift */ = {isa = PBXFileReference; lastKnownFileType = sourcecode.swift; path = MapKitVC.swift; sourceTree = "<group>"; };
		D17FA44223010DCD0054A2DE /* note.png */ = {isa = PBXFileReference; lastKnownFileType = image.png; path = note.png; sourceTree = "<group>"; };
		D17FA44323010DCD0054A2DE /* rating5@2x.png */ = {isa = PBXFileReference; lastKnownFileType = image.png; path = "rating5@2x.png"; sourceTree = "<group>"; };
		D17FA44623010E990054A2DE /* ImageVC.swift */ = {isa = PBXFileReference; lastKnownFileType = sourcecode.swift; path = ImageVC.swift; sourceTree = "<group>"; };
		D17FA448230114430054A2DE /* ControlVC.swift */ = {isa = PBXFileReference; lastKnownFileType = sourcecode.swift; path = ControlVC.swift; sourceTree = "<group>"; };
		D17FA44A23012D0D0054A2DE /* ListVC.swift */ = {isa = PBXFileReference; lastKnownFileType = sourcecode.swift; path = ListVC.swift; sourceTree = "<group>"; };
		D17FA44C2301410F0054A2DE /* CSButton.swift */ = {isa = PBXFileReference; lastKnownFileType = sourcecode.swift; path = CSButton.swift; sourceTree = "<group>"; };
/* End PBXFileReference section */

/* Begin PBXFrameworksBuildPhase section */
		D17FA3C522FD09B00054A2DE /* Frameworks */ = {
			isa = PBXFrameworksBuildPhase;
			buildActionMask = 2147483647;
			files = (
			);
			runOnlyForDeploymentPostprocessing = 0;
		};
/* End PBXFrameworksBuildPhase section */

/* Begin PBXGroup section */
		D17FA3BF22FD09B00054A2DE = {
			isa = PBXGroup;
			children = (
				D17FA3CA22FD09B00054A2DE /* inputForm */,
				D17FA3C922FD09B00054A2DE /* Products */,
			);
			sourceTree = "<group>";
		};
		D17FA3C922FD09B00054A2DE /* Products */ = {
			isa = PBXGroup;
			children = (
				D17FA3C822FD09B00054A2DE /* inputForm.app */,
			);
			name = Products;
			sourceTree = "<group>";
		};
		D17FA3CA22FD09B00054A2DE /* inputForm */ = {
			isa = PBXGroup;
			children = (
				D17FA41822FD7CF10054A2DE /* NewAppDelegate.swift */,
				D17FA3E322FD5B3A0054A2DE /* Resources */,
				D17FA3CB22FD09B00054A2DE /* AppDelegate.swift */,
				D17FA3CD22FD09B00054A2DE /* FirstVC.swift */,
				D17FA3DF22FD58430054A2DE /* SecondVC.swift */,
				D17FA3E122FD58530054A2DE /* ThirdVC.swift */,
				D17FA448230114430054A2DE /* ControlVC.swift */,
				D17FA44A23012D0D0054A2DE /* ListVC.swift */,
				D17FA44623010E990054A2DE /* ImageVC.swift */,
				D17FA440230107C60054A2DE /* MapKitVC.swift */,
				D17FA3DD22FD14190054A2DE /* ReadViewController.swift */,
				D17FA3CF22FD09B00054A2DE /* Main.storyboard */,
				D17FA3D222FD09B00054A2DE /* Assets.xcassets */,
				D17FA3D422FD09B00054A2DE /* LaunchScreen.storyboard */,
				D17FA3D722FD09B00054A2DE /* Info.plist */,
				D17FA44C2301410F0054A2DE /* CSButton.swift */,
			);
			path = inputForm;
			sourceTree = "<group>";
		};
		D17FA3E322FD5B3A0054A2DE /* Resources */ = {
			isa = PBXGroup;
			children = (
				D17FA44223010DCD0054A2DE /* note.png */,
				D17FA44323010DCD0054A2DE /* rating5@2x.png */,
				D17FA4392300EEA20054A2DE /* arrow-back@2x.png */,
				D17FA4382300EEA20054A2DE /* more@2x.png */,
				D17FA43A2300EEA20054A2DE /* swift_logo@3x.png */,
				D17FA40222FD5ED10054A2DE /* calendar.png */,
				D17FA3FF22FD5ED00054A2DE /* checkmark@2x.png */,
				D17FA40A22FD5ED20054A2DE /* connectivity-bar.png */,
				D17FA40022FD5ED00054A2DE /* designbump@2x.png */,
				D17FA3FE22FD5ED00054A2DE /* facebook@2x.png */,
				D17FA40322FD5ED10054A2DE /* file-tree.png */,
				D17FA40922FD5ED20054A2DE /* google@2x.png */,
				D17FA40722FD5ED10054A2DE /* homes_119.png */,
				D17FA40622FD5ED10054A2DE /* menubar-bg-mini.png */,
				D17FA40422FD5ED10054A2DE /* menubar-bg.png */,
				D17FA40522FD5ED10054A2DE /* photo.png */,
				D17FA40822FD5ED10054A2DE /* rss@2x.png */,
				D17FA40122FD5ED10054A2DE /* twitter@2x.png */,
			);
			path = Resources;
			sourceTree = "<group>";
		};
/* End PBXGroup section */

/* Begin PBXNativeTarget section */
		D17FA3C722FD09B00054A2DE /* inputForm */ = {
			isa = PBXNativeTarget;
			buildConfigurationList = D17FA3DA22FD09B00054A2DE /* Build configuration list for PBXNativeTarget "inputForm" */;
			buildPhases = (
				D17FA3C422FD09B00054A2DE /* Sources */,
				D17FA3C522FD09B00054A2DE /* Frameworks */,
				D17FA3C622FD09B00054A2DE /* Resources */,
			);
			buildRules = (
			);
			dependencies = (
			);
			name = inputForm;
			productName = inputForm;
			productReference = D17FA3C822FD09B00054A2DE /* inputForm.app */;
			productType = "com.apple.product-type.application";
		};
/* End PBXNativeTarget section */

/* Begin PBXProject section */
		D17FA3C022FD09B00054A2DE /* Project object */ = {
			isa = PBXProject;
			attributes = {
				LastSwiftUpdateCheck = 1030;
				LastUpgradeCheck = 1030;
				ORGANIZATIONNAME = "Jinyung Yoon";
				TargetAttributes = {
					D17FA3C722FD09B00054A2DE = {
						CreatedOnToolsVersion = 10.3;
					};
				};
			};
			buildConfigurationList = D17FA3C322FD09B00054A2DE /* Build configuration list for PBXProject "inputForm" */;
			compatibilityVersion = "Xcode 9.3";
			developmentRegion = en;
			hasScannedForEncodings = 0;
			knownRegions = (
				en,
				Base,
			);
			mainGroup = D17FA3BF22FD09B00054A2DE;
			productRefGroup = D17FA3C922FD09B00054A2DE /* Products */;
			projectDirPath = "";
			projectRoot = "";
			targets = (
				D17FA3C722FD09B00054A2DE /* inputForm */,
			);
		};
/* End PBXProject section */

/* Begin PBXResourcesBuildPhase section */
		D17FA3C622FD09B00054A2DE /* Resources */ = {
			isa = PBXResourcesBuildPhase;
			buildActionMask = 2147483647;
			files = (
				D17FA41022FD5ED20054A2DE /* file-tree.png in Resources */,
				D17FA44423010DCD0054A2DE /* note.png in Resources */,
				D17FA41622FD5ED20054A2DE /* google@2x.png in Resources */,
				D17FA40D22FD5ED20054A2DE /* designbump@2x.png in Resources */,
				D17FA40F22FD5ED20054A2DE /* calendar.png in Resources */,
				D17FA3D622FD09B00054A2DE /* LaunchScreen.storyboard in Resources */,
				D17FA3D322FD09B00054A2DE /* Assets.xcassets in Resources */,
				D17FA41422FD5ED20054A2DE /* homes_119.png in Resources */,
				D17FA40B22FD5ED20054A2DE /* facebook@2x.png in Resources */,
				D17FA44523010DCD0054A2DE /* rating5@2x.png in Resources */,
				D17FA43B2300EEA20054A2DE /* more@2x.png in Resources */,
				D17FA41722FD5ED20054A2DE /* connectivity-bar.png in Resources */,
				D17FA3D122FD09B00054A2DE /* Main.storyboard in Resources */,
				D17FA43D2300EEA20054A2DE /* swift_logo@3x.png in Resources */,
				D17FA43C2300EEA20054A2DE /* arrow-back@2x.png in Resources */,
				D17FA41122FD5ED20054A2DE /* menubar-bg.png in Resources */,
				D17FA41522FD5ED20054A2DE /* rss@2x.png in Resources */,
				D17FA41322FD5ED20054A2DE /* menubar-bg-mini.png in Resources */,
				D17FA40C22FD5ED20054A2DE /* checkmark@2x.png in Resources */,
				D17FA40E22FD5ED20054A2DE /* twitter@2x.png in Resources */,
				D17FA41222FD5ED20054A2DE /* photo.png in Resources */,
			);
			runOnlyForDeploymentPostprocessing = 0;
		};
/* End PBXResourcesBuildPhase section */

/* Begin PBXSourcesBuildPhase section */
		D17FA3C422FD09B00054A2DE /* Sources */ = {
			isa = PBXSourcesBuildPhase;
			buildActionMask = 2147483647;
			files = (
				D17FA3CE22FD09B00054A2DE /* FirstVC.swift in Sources */,
				D17FA3DE22FD14190054A2DE /* ReadViewController.swift in Sources */,
				D17FA3E022FD58430054A2DE /* SecondVC.swift in Sources */,
				D17FA449230114430054A2DE /* ControlVC.swift in Sources */,
				D17FA41922FD7CF10054A2DE /* NewAppDelegate.swift in Sources */,
				D17FA44D2301410F0054A2DE /* CSButton.swift in Sources */,
				D17FA44723010E990054A2DE /* ImageVC.swift in Sources */,
				D17FA44B23012D0D0054A2DE /* ListVC.swift in Sources */,
				D17FA3CC22FD09B00054A2DE /* AppDelegate.swift in Sources */,
				D17FA441230107C60054A2DE /* MapKitVC.swift in Sources */,
				D17FA3E222FD58530054A2DE /* ThirdVC.swift in Sources */,
			);
			runOnlyForDeploymentPostprocessing = 0;
		};
/* End PBXSourcesBuildPhase section */

/* Begin PBXVariantGroup section */
		D17FA3CF22FD09B00054A2DE /* Main.storyboard */ = {
			isa = PBXVariantGroup;
			children = (
				D17FA3D022FD09B00054A2DE /* Base */,
			);
			name = Main.storyboard;
			sourceTree = "<group>";
		};
		D17FA3D422FD09B00054A2DE /* LaunchScreen.storyboard */ = {
			isa = PBXVariantGroup;
			children = (
				D17FA3D522FD09B00054A2DE /* Base */,
			);
			name = LaunchScreen.storyboard;
			sourceTree = "<group>";
		};
/* End PBXVariantGroup section */

/* Begin XCBuildConfiguration section */
		D17FA3D822FD09B00054A2DE /* Debug */ = {
			isa = XCBuildConfiguration;
			buildSettings = {
				ALWAYS_SEARCH_USER_PATHS = NO;
				CLANG_ANALYZER_NONNULL = YES;
				CLANG_ANALYZER_NUMBER_OBJECT_CONVERSION = YES_AGGRESSIVE;
				CLANG_CXX_LANGUAGE_STANDARD = "gnu++14";
				CLANG_CXX_LIBRARY = "libc++";
				CLANG_ENABLE_MODULES = YES;
				CLANG_ENABLE_OBJC_ARC = YES;
				CLANG_ENABLE_OBJC_WEAK = YES;
				CLANG_WARN_BLOCK_CAPTURE_AUTORELEASING = YES;
				CLANG_WARN_BOOL_CONVERSION = YES;
				CLANG_WARN_COMMA = YES;
				CLANG_WARN_CONSTANT_CONVERSION = YES;
				CLANG_WARN_DEPRECATED_OBJC_IMPLEMENTATIONS = YES;
				CLANG_WARN_DIRECT_OBJC_ISA_USAGE = YES_ERROR;
				CLANG_WARN_DOCUMENTATION_COMMENTS = YES;
				CLANG_WARN_EMPTY_BODY = YES;
				CLANG_WARN_ENUM_CONVERSION = YES;
				CLANG_WARN_INFINITE_RECURSION = YES;
				CLANG_WARN_INT_CONVERSION = YES;
				CLANG_WARN_NON_LITERAL_NULL_CONVERSION = YES;
				CLANG_WARN_OBJC_IMPLICIT_RETAIN_SELF = YES;
				CLANG_WARN_OBJC_LITERAL_CONVERSION = YES;
				CLANG_WARN_OBJC_ROOT_CLASS = YES_ERROR;
				CLANG_WARN_RANGE_LOOP_ANALYSIS = YES;
				CLANG_WARN_STRICT_PROTOTYPES = YES;
				CLANG_WARN_SUSPICIOUS_MOVE = YES;
				CLANG_WARN_UNGUARDED_AVAILABILITY = YES_AGGRESSIVE;
				CLANG_WARN_UNREACHABLE_CODE = YES;
				CLANG_WARN__DUPLICATE_METHOD_MATCH = YES;
				CODE_SIGN_IDENTITY = "iPhone Developer";
				COPY_PHASE_STRIP = NO;
				DEBUG_INFORMATION_FORMAT = dwarf;
				ENABLE_STRICT_OBJC_MSGSEND = YES;
				ENABLE_TESTABILITY = YES;
				GCC_C_LANGUAGE_STANDARD = gnu11;
				GCC_DYNAMIC_NO_PIC = NO;
				GCC_NO_COMMON_BLOCKS = YES;
				GCC_OPTIMIZATION_LEVEL = 0;
				GCC_PREPROCESSOR_DEFINITIONS = (
					"DEBUG=1",
					"$(inherited)",
				);
				GCC_WARN_64_TO_32_BIT_CONVERSION = YES;
				GCC_WARN_ABOUT_RETURN_TYPE = YES_ERROR;
				GCC_WARN_UNDECLARED_SELECTOR = YES;
				GCC_WARN_UNINITIALIZED_AUTOS = YES_AGGRESSIVE;
				GCC_WARN_UNUSED_FUNCTION = YES;
				GCC_WARN_UNUSED_VARIABLE = YES;
				IPHONEOS_DEPLOYMENT_TARGET = 12.4;
				MTL_ENABLE_DEBUG_INFO = INCLUDE_SOURCE;
				MTL_FAST_MATH = YES;
				ONLY_ACTIVE_ARCH = YES;
				SDKROOT = iphoneos;
				SWIFT_ACTIVE_COMPILATION_CONDITIONS = DEBUG;
				SWIFT_OPTIMIZATION_LEVEL = "-Onone";
			};
			name = Debug;
		};
		D17FA3D922FD09B00054A2DE /* Release */ = {
			isa = XCBuildConfiguration;
			buildSettings = {
				ALWAYS_SEARCH_USER_PATHS = NO;
				CLANG_ANALYZER_NONNULL = YES;
				CLANG_ANALYZER_NUMBER_OBJECT_CONVERSION = YES_AGGRESSIVE;
				CLANG_CXX_LANGUAGE_STANDARD = "gnu++14";
				CLANG_CXX_LIBRARY = "libc++";
				CLANG_ENABLE_MODULES = YES;
				CLANG_ENABLE_OBJC_ARC = YES;
				CLANG_ENABLE_OBJC_WEAK = YES;
				CLANG_WARN_BLOCK_CAPTURE_AUTORELEASING = YES;
				CLANG_WARN_BOOL_CONVERSION = YES;
				CLANG_WARN_COMMA = YES;
				CLANG_WARN_CONSTANT_CONVERSION = YES;
				CLANG_WARN_DEPRECATED_OBJC_IMPLEMENTATIONS = YES;
				CLANG_WARN_DIRECT_OBJC_ISA_USAGE = YES_ERROR;
				CLANG_WARN_DOCUMENTATION_COMMENTS = YES;
				CLANG_WARN_EMPTY_BODY = YES;
				CLANG_WARN_ENUM_CONVERSION = YES;
				CLANG_WARN_INFINITE_RECURSION = YES;
				CLANG_WARN_INT_CONVERSION = YES;
				CLANG_WARN_NON_LITERAL_NULL_CONVERSION = YES;
				CLANG_WARN_OBJC_IMPLICIT_RETAIN_SELF = YES;
				CLANG_WARN_OBJC_LITERAL_CONVERSION = YES;
				CLANG_WARN_OBJC_ROOT_CLASS = YES_ERROR;
				CLANG_WARN_RANGE_LOOP_ANALYSIS = YES;
				CLANG_WARN_STRICT_PROTOTYPES = YES;
				CLANG_WARN_SUSPICIOUS_MOVE = YES;
				CLANG_WARN_UNGUARDED_AVAILABILITY = YES_AGGRESSIVE;
				CLANG_WARN_UNREACHABLE_CODE = YES;
				CLANG_WARN__DUPLICATE_METHOD_MATCH = YES;
				CODE_SIGN_IDENTITY = "iPhone Developer";
				COPY_PHASE_STRIP = NO;
				DEBUG_INFORMATION_FORMAT = "dwarf-with-dsym";
				ENABLE_NS_ASSERTIONS = NO;
				ENABLE_STRICT_OBJC_MSGSEND = YES;
				GCC_C_LANGUAGE_STANDARD = gnu11;
				GCC_NO_COMMON_BLOCKS = YES;
				GCC_WARN_64_TO_32_BIT_CONVERSION = YES;
				GCC_WARN_ABOUT_RETURN_TYPE = YES_ERROR;
				GCC_WARN_UNDECLARED_SELECTOR = YES;
				GCC_WARN_UNINITIALIZED_AUTOS = YES_AGGRESSIVE;
				GCC_WARN_UNUSED_FUNCTION = YES;
				GCC_WARN_UNUSED_VARIABLE = YES;
				IPHONEOS_DEPLOYMENT_TARGET = 12.4;
				MTL_ENABLE_DEBUG_INFO = NO;
				MTL_FAST_MATH = YES;
				SDKROOT = iphoneos;
				SWIFT_COMPILATION_MODE = wholemodule;
				SWIFT_OPTIMIZATION_LEVEL = "-O";
				VALIDATE_PRODUCT = YES;
			};
			name = Release;
		};
		D17FA3DB22FD09B00054A2DE /* Debug */ = {
			isa = XCBuildConfiguration;
			buildSettings = {
				ASSETCATALOG_COMPILER_APPICON_NAME = AppIcon;
				CODE_SIGN_STYLE = Automatic;
				DEVELOPMENT_TEAM = BVN954N659;
				INFOPLIST_FILE = inputForm/Info.plist;
				LD_RUNPATH_SEARCH_PATHS = (
					"$(inherited)",
					"@executable_path/Frameworks",
				);
				PRODUCT_BUNDLE_IDENTIFIER = JY.Memo;
				PRODUCT_NAME = "$(TARGET_NAME)";
				SWIFT_VERSION = 5.0;
				TARGETED_DEVICE_FAMILY = "1,2";
			};
			name = Debug;
		};
		D17FA3DC22FD09B00054A2DE /* Release */ = {
			isa = XCBuildConfiguration;
			buildSettings = {
				ASSETCATALOG_COMPILER_APPICON_NAME = AppIcon;
				CODE_SIGN_STYLE = Automatic;
				DEVELOPMENT_TEAM = BVN954N659;
				INFOPLIST_FILE = inputForm/Info.plist;
				LD_RUNPATH_SEARCH_PATHS = (
					"$(inherited)",
					"@executable_path/Frameworks",
				);
				PRODUCT_BUNDLE_IDENTIFIER = JY.Memo;
				PRODUCT_NAME = "$(TARGET_NAME)";
				SWIFT_VERSION = 5.0;
				TARGETED_DEVICE_FAMILY = "1,2";
			};
			name = Release;
		};
/* End XCBuildConfiguration section */

/* Begin XCConfigurationList section */
		D17FA3C322FD09B00054A2DE /* Build configuration list for PBXProject "inputForm" */ = {
			isa = XCConfigurationList;
			buildConfigurations = (
				D17FA3D822FD09B00054A2DE /* Debug */,
				D17FA3D922FD09B00054A2DE /* Release */,
			);
			defaultConfigurationIsVisible = 0;
			defaultConfigurationName = Release;
		};
		D17FA3DA22FD09B00054A2DE /* Build configuration list for PBXNativeTarget "inputForm" */ = {
			isa = XCConfigurationList;
			buildConfigurations = (
				D17FA3DB22FD09B00054A2DE /* Debug */,
				D17FA3DC22FD09B00054A2DE /* Release */,
			);
			defaultConfigurationIsVisible = 0;
			defaultConfigurationName = Release;
		};
/* End XCConfigurationList section */
	};
	rootObject = D17FA3C022FD09B00054A2DE /* Project object */;
}
