// !$*UTF8*$!
{
	archiveVersion = 1;
	classes = {
	};
	objectVersion = 50;
	objects = {

/* Begin PBXBuildFile section */
		D17FA4892302F2430054A2DE /* AppDelegate.swift in Sources */ = {isa = PBXBuildFile; fileRef = D17FA4882302F2430054A2DE /* AppDelegate.swift */; };
		D17FA48B2302F2430054A2DE /* ViewController.swift in Sources */ = {isa = PBXBuildFile; fileRef = D17FA48A2302F2430054A2DE /* ViewController.swift */; };
		D17FA48E2302F2430054A2DE /* Main.storyboard in Resources */ = {isa = PBXBuildFile; fileRef = D17FA48C2302F2430054A2DE /* Main.storyboard */; };
		D17FA4902302F2440054A2DE /* Assets.xcassets in Resources */ = {isa = PBXBuildFile; fileRef = D17FA48F2302F2440054A2DE /* Assets.xcassets */; };
		D17FA4932302F2440054A2DE /* LaunchScreen.storyboard in Resources */ = {isa = PBXBuildFile; fileRef = D17FA4912302F2440054A2DE /* LaunchScreen.storyboard */; };
		D1A651822314A3BA009DDB52 /* AddVC.swift in Sources */ = {isa = PBXBuildFile; fileRef = D1A651812314A3BA009DDB52 /* AddVC.swift */; };
		D1A651842314B273009DDB52 /* AddCell.swift in Sources */ = {isa = PBXBuildFile; fileRef = D1A651832314B273009DDB52 /* AddCell.swift */; };
		D1A651862314BEA6009DDB52 /* MemoData.swift in Sources */ = {isa = PBXBuildFile; fileRef = D1A651852314BEA6009DDB52 /* MemoData.swift */; };
		D1A651882314C702009DDB52 /* DetailVC.swift in Sources */ = {isa = PBXBuildFile; fileRef = D1A651872314C702009DDB52 /* DetailVC.swift */; };
		D1A6518A2314E975009DDB52 /* DataManager.swift in Sources */ = {isa = PBXBuildFile; fileRef = D1A651892314E975009DDB52 /* DataManager.swift */; };
		D1A651B523153BA9009DDB52 /* ListCell.swift in Sources */ = {isa = PBXBuildFile; fileRef = D1A651B423153BA9009DDB52 /* ListCell.swift */; };
/* End PBXBuildFile section */

/* Begin PBXFileReference section */
		D17FA4852302F2430054A2DE /* Memo_Programmtically.app */ = {isa = PBXFileReference; explicitFileType = wrapper.application; includeInIndex = 0; path = Memo_Programmtically.app; sourceTree = BUILT_PRODUCTS_DIR; };
		D17FA4882302F2430054A2DE /* AppDelegate.swift */ = {isa = PBXFileReference; lastKnownFileType = sourcecode.swift; path = AppDelegate.swift; sourceTree = "<group>"; };
		D17FA48A2302F2430054A2DE /* ViewController.swift */ = {isa = PBXFileReference; lastKnownFileType = sourcecode.swift; path = ViewController.swift; sourceTree = "<group>"; };
		D17FA48D2302F2430054A2DE /* Base */ = {isa = PBXFileReference; lastKnownFileType = file.storyboard; name = Base; path = Base.lproj/Main.storyboard; sourceTree = "<group>"; };
		D17FA48F2302F2440054A2DE /* Assets.xcassets */ = {isa = PBXFileReference; lastKnownFileType = folder.assetcatalog; path = Assets.xcassets; sourceTree = "<group>"; };
		D17FA4922302F2440054A2DE /* Base */ = {isa = PBXFileReference; lastKnownFileType = file.storyboard; name = Base; path = Base.lproj/LaunchScreen.storyboard; sourceTree = "<group>"; };
		D17FA4942302F2440054A2DE /* Info.plist */ = {isa = PBXFileReference; lastKnownFileType = text.plist.xml; path = Info.plist; sourceTree = "<group>"; };
		D1A651812314A3BA009DDB52 /* AddVC.swift */ = {isa = PBXFileReference; lastKnownFileType = sourcecode.swift; path = AddVC.swift; sourceTree = "<group>"; };
		D1A651832314B273009DDB52 /* AddCell.swift */ = {isa = PBXFileReference; lastKnownFileType = sourcecode.swift; path = AddCell.swift; sourceTree = "<group>"; };
		D1A651852314BEA6009DDB52 /* MemoData.swift */ = {isa = PBXFileReference; lastKnownFileType = sourcecode.swift; path = MemoData.swift; sourceTree = "<group>"; };
		D1A651872314C702009DDB52 /* DetailVC.swift */ = {isa = PBXFileReference; lastKnownFileType = sourcecode.swift; path = DetailVC.swift; sourceTree = "<group>"; };
		D1A651892314E975009DDB52 /* DataManager.swift */ = {isa = PBXFileReference; lastKnownFileType = sourcecode.swift; path = DataManager.swift; sourceTree = "<group>"; };
		D1A651B423153BA9009DDB52 /* ListCell.swift */ = {isa = PBXFileReference; lastKnownFileType = sourcecode.swift; path = ListCell.swift; sourceTree = "<group>"; };
/* End PBXFileReference section */

/* Begin PBXFrameworksBuildPhase section */
		D17FA4822302F2430054A2DE /* Frameworks */ = {
			isa = PBXFrameworksBuildPhase;
			buildActionMask = 2147483647;
			files = (
			);
			runOnlyForDeploymentPostprocessing = 0;
		};
/* End PBXFrameworksBuildPhase section */

/* Begin PBXGroup section */
		D17FA47C2302F2430054A2DE = {
			isa = PBXGroup;
			children = (
				D17FA4872302F2430054A2DE /* Memo_Programmtically */,
				D17FA4862302F2430054A2DE /* Products */,
			);
			sourceTree = "<group>";
		};
		D17FA4862302F2430054A2DE /* Products */ = {
			isa = PBXGroup;
			children = (
				D17FA4852302F2430054A2DE /* Memo_Programmtically.app */,
			);
			name = Products;
			sourceTree = "<group>";
		};
		D17FA4872302F2430054A2DE /* Memo_Programmtically */ = {
			isa = PBXGroup;
			children = (
				D17FA4882302F2430054A2DE /* AppDelegate.swift */,
				D17FA48A2302F2430054A2DE /* ViewController.swift */,
				D1A651812314A3BA009DDB52 /* AddVC.swift */,
				D1A651872314C702009DDB52 /* DetailVC.swift */,
				D1A651B423153BA9009DDB52 /* ListCell.swift */,
				D1A651832314B273009DDB52 /* AddCell.swift */,
				D1A651852314BEA6009DDB52 /* MemoData.swift */,
				D1A651892314E975009DDB52 /* DataManager.swift */,
				D17FA48C2302F2430054A2DE /* Main.storyboard */,
				D17FA48F2302F2440054A2DE /* Assets.xcassets */,
				D17FA4912302F2440054A2DE /* LaunchScreen.storyboard */,
				D17FA4942302F2440054A2DE /* Info.plist */,
			);
			path = Memo_Programmtically;
			sourceTree = "<group>";
		};
/* End PBXGroup section */

/* Begin PBXNativeTarget section */
		D17FA4842302F2430054A2DE /* Memo_Programmtically */ = {
			isa = PBXNativeTarget;
			buildConfigurationList = D17FA4972302F2440054A2DE /* Build configuration list for PBXNativeTarget "Memo_Programmtically" */;
			buildPhases = (
				D17FA4812302F2430054A2DE /* Sources */,
				D17FA4822302F2430054A2DE /* Frameworks */,
				D17FA4832302F2430054A2DE /* Resources */,
			);
			buildRules = (
			);
			dependencies = (
			);
			name = Memo_Programmtically;
			productName = Memo_Programmtically;
			productReference = D17FA4852302F2430054A2DE /* Memo_Programmtically.app */;
			productType = "com.apple.product-type.application";
		};
/* End PBXNativeTarget section */

/* Begin PBXProject section */
		D17FA47D2302F2430054A2DE /* Project object */ = {
			isa = PBXProject;
			attributes = {
				LastSwiftUpdateCheck = 1030;
				LastUpgradeCheck = 1030;
				ORGANIZATIONNAME = "Jinyung Yoon";
				TargetAttributes = {
					D17FA4842302F2430054A2DE = {
						CreatedOnToolsVersion = 10.3;
					};
				};
			};
			buildConfigurationList = D17FA4802302F2430054A2DE /* Build configuration list for PBXProject "Memo_Programmtically" */;
			compatibilityVersion = "Xcode 9.3";
			developmentRegion = en;
			hasScannedForEncodings = 0;
			knownRegions = (
				en,
				Base,
			);
			mainGroup = D17FA47C2302F2430054A2DE;
			productRefGroup = D17FA4862302F2430054A2DE /* Products */;
			projectDirPath = "";
			projectRoot = "";
			targets = (
				D17FA4842302F2430054A2DE /* Memo_Programmtically */,
			);
		};
/* End PBXProject section */

/* Begin PBXResourcesBuildPhase section */
		D17FA4832302F2430054A2DE /* Resources */ = {
			isa = PBXResourcesBuildPhase;
			buildActionMask = 2147483647;
			files = (
				D17FA4932302F2440054A2DE /* LaunchScreen.storyboard in Resources */,
				D17FA4902302F2440054A2DE /* Assets.xcassets in Resources */,
				D17FA48E2302F2430054A2DE /* Main.storyboard in Resources */,
			);
			runOnlyForDeploymentPostprocessing = 0;
		};
/* End PBXResourcesBuildPhase section */

/* Begin PBXSourcesBuildPhase section */
		D17FA4812302F2430054A2DE /* Sources */ = {
			isa = PBXSourcesBuildPhase;
			buildActionMask = 2147483647;
			files = (
				D1A651822314A3BA009DDB52 /* AddVC.swift in Sources */,
				D1A651862314BEA6009DDB52 /* MemoData.swift in Sources */,
				D17FA48B2302F2430054A2DE /* ViewController.swift in Sources */,
				D1A6518A2314E975009DDB52 /* DataManager.swift in Sources */,
				D17FA4892302F2430054A2DE /* AppDelegate.swift in Sources */,
				D1A651B523153BA9009DDB52 /* ListCell.swift in Sources */,
				D1A651842314B273009DDB52 /* AddCell.swift in Sources */,
				D1A651882314C702009DDB52 /* DetailVC.swift in Sources */,
			);
			runOnlyForDeploymentPostprocessing = 0;
		};
/* End PBXSourcesBuildPhase section */

/* Begin PBXVariantGroup section */
		D17FA48C2302F2430054A2DE /* Main.storyboard */ = {
			isa = PBXVariantGroup;
			children = (
				D17FA48D2302F2430054A2DE /* Base */,
			);
			name = Main.storyboard;
			sourceTree = "<group>";
		};
		D17FA4912302F2440054A2DE /* LaunchScreen.storyboard */ = {
			isa = PBXVariantGroup;
			children = (
				D17FA4922302F2440054A2DE /* Base */,
			);
			name = LaunchScreen.storyboard;
			sourceTree = "<group>";
		};
/* End PBXVariantGroup section */

/* Begin XCBuildConfiguration section */
		D17FA4952302F2440054A2DE /* Debug */ = {
			isa = XCBuildConfiguration;
			buildSettings = {
				ALWAYS_SEARCH_USER_PATHS = NO;
				CLANG_ANALYZER_NONNULL = YES;
				CLANG_ANALYZER_NUMBER_OBJECT_CONVERSION = YES_AGGRESSIVE;
				CLANG_CXX_LANGUAGE_STANDARD = "gnu++14";
				CLANG_CXX_LIBRARY = "libc++";
				CLANG_ENABLE_MODULES = YES;
				CLANG_ENABLE_OBJC_ARC = YES;
				CLANG_ENABLE_OBJC_WEAK = YES;
				CLANG_WARN_BLOCK_CAPTURE_AUTORELEASING = YES;
				CLANG_WARN_BOOL_CONVERSION = YES;
				CLANG_WARN_COMMA = YES;
				CLANG_WARN_CONSTANT_CONVERSION = YES;
				CLANG_WARN_DEPRECATED_OBJC_IMPLEMENTATIONS = YES;
				CLANG_WARN_DIRECT_OBJC_ISA_USAGE = YES_ERROR;
				CLANG_WARN_DOCUMENTATION_COMMENTS = YES;
				CLANG_WARN_EMPTY_BODY = YES;
				CLANG_WARN_ENUM_CONVERSION = YES;
				CLANG_WARN_INFINITE_RECURSION = YES;
				CLANG_WARN_INT_CONVERSION = YES;
				CLANG_WARN_NON_LITERAL_NULL_CONVERSION = YES;
				CLANG_WARN_OBJC_IMPLICIT_RETAIN_SELF = YES;
				CLANG_WARN_OBJC_LITERAL_CONVERSION = YES;
				CLANG_WARN_OBJC_ROOT_CLASS = YES_ERROR;
				CLANG_WARN_RANGE_LOOP_ANALYSIS = YES;
				CLANG_WARN_STRICT_PROTOTYPES = YES;
				CLANG_WARN_SUSPICIOUS_MOVE = YES;
				CLANG_WARN_UNGUARDED_AVAILABILITY = YES_AGGRESSIVE;
				CLANG_WARN_UNREACHABLE_CODE = YES;
				CLANG_WARN__DUPLICATE_METHOD_MATCH = YES;
				CODE_SIGN_IDENTITY = "iPhone Developer";
				COPY_PHASE_STRIP = NO;
				DEBUG_INFORMATION_FORMAT = dwarf;
				ENABLE_STRICT_OBJC_MSGSEND = YES;
				ENABLE_TESTABILITY = YES;
				GCC_C_LANGUAGE_STANDARD = gnu11;
				GCC_DYNAMIC_NO_PIC = NO;
				GCC_NO_COMMON_BLOCKS = YES;
				GCC_OPTIMIZATION_LEVEL = 0;
				GCC_PREPROCESSOR_DEFINITIONS = (
					"DEBUG=1",
					"$(inherited)",
				);
				GCC_WARN_64_TO_32_BIT_CONVERSION = YES;
				GCC_WARN_ABOUT_RETURN_TYPE = YES_ERROR;
				GCC_WARN_UNDECLARED_SELECTOR = YES;
				GCC_WARN_UNINITIALIZED_AUTOS = YES_AGGRESSIVE;
				GCC_WARN_UNUSED_FUNCTION = YES;
				GCC_WARN_UNUSED_VARIABLE = YES;
				IPHONEOS_DEPLOYMENT_TARGET = 12.4;
				MTL_ENABLE_DEBUG_INFO = INCLUDE_SOURCE;
				MTL_FAST_MATH = YES;
				ONLY_ACTIVE_ARCH = YES;
				SDKROOT = iphoneos;
				SWIFT_ACTIVE_COMPILATION_CONDITIONS = DEBUG;
				SWIFT_OPTIMIZATION_LEVEL = "-Onone";
			};
			name = Debug;
		};
		D17FA4962302F2440054A2DE /* Release */ = {
			isa = XCBuildConfiguration;
			buildSettings = {
				ALWAYS_SEARCH_USER_PATHS = NO;
				CLANG_ANALYZER_NONNULL = YES;
				CLANG_ANALYZER_NUMBER_OBJECT_CONVERSION = YES_AGGRESSIVE;
				CLANG_CXX_LANGUAGE_STANDARD = "gnu++14";
				CLANG_CXX_LIBRARY = "libc++";
				CLANG_ENABLE_MODULES = YES;
				CLANG_ENABLE_OBJC_ARC = YES;
				CLANG_ENABLE_OBJC_WEAK = YES;
				CLANG_WARN_BLOCK_CAPTURE_AUTORELEASING = YES;
				CLANG_WARN_BOOL_CONVERSION = YES;
				CLANG_WARN_COMMA = YES;
				CLANG_WARN_CONSTANT_CONVERSION = YES;
				CLANG_WARN_DEPRECATED_OBJC_IMPLEMENTATIONS = YES;
				CLANG_WARN_DIRECT_OBJC_ISA_USAGE = YES_ERROR;
				CLANG_WARN_DOCUMENTATION_COMMENTS = YES;
				CLANG_WARN_EMPTY_BODY = YES;
				CLANG_WARN_ENUM_CONVERSION = YES;
				CLANG_WARN_INFINITE_RECURSION = YES;
				CLANG_WARN_INT_CONVERSION = YES;
				CLANG_WARN_NON_LITERAL_NULL_CONVERSION = YES;
				CLANG_WARN_OBJC_IMPLICIT_RETAIN_SELF = YES;
				CLANG_WARN_OBJC_LITERAL_CONVERSION = YES;
				CLANG_WARN_OBJC_ROOT_CLASS = YES_ERROR;
				CLANG_WARN_RANGE_LOOP_ANALYSIS = YES;
				CLANG_WARN_STRICT_PROTOTYPES = YES;
				CLANG_WARN_SUSPICIOUS_MOVE = YES;
				CLANG_WARN_UNGUARDED_AVAILABILITY = YES_AGGRESSIVE;
				CLANG_WARN_UNREACHABLE_CODE = YES;
				CLANG_WARN__DUPLICATE_METHOD_MATCH = YES;
				CODE_SIGN_IDENTITY = "iPhone Developer";
				COPY_PHASE_STRIP = NO;
				DEBUG_INFORMATION_FORMAT = "dwarf-with-dsym";
				ENABLE_NS_ASSERTIONS = NO;
				ENABLE_STRICT_OBJC_MSGSEND = YES;
				GCC_C_LANGUAGE_STANDARD = gnu11;
				GCC_NO_COMMON_BLOCKS = YES;
				GCC_WARN_64_TO_32_BIT_CONVERSION = YES;
				GCC_WARN_ABOUT_RETURN_TYPE = YES_ERROR;
				GCC_WARN_UNDECLARED_SELECTOR = YES;
				GCC_WARN_UNINITIALIZED_AUTOS = YES_AGGRESSIVE;
				GCC_WARN_UNUSED_FUNCTION = YES;
				GCC_WARN_UNUSED_VARIABLE = YES;
				IPHONEOS_DEPLOYMENT_TARGET = 12.4;
				MTL_ENABLE_DEBUG_INFO = NO;
				MTL_FAST_MATH = YES;
				SDKROOT = iphoneos;
				SWIFT_COMPILATION_MODE = wholemodule;
				SWIFT_OPTIMIZATION_LEVEL = "-O";
				VALIDATE_PRODUCT = YES;
			};
			name = Release;
		};
		D17FA4982302F2440054A2DE /* Debug */ = {
			isa = XCBuildConfiguration;
			buildSettings = {
				ASSETCATALOG_COMPILER_APPICON_NAME = AppIcon;
				CODE_SIGN_STYLE = Automatic;
				DEVELOPMENT_TEAM = BVN954N659;
				INFOPLIST_FILE = Memo_Programmtically/Info.plist;
				LD_RUNPATH_SEARCH_PATHS = (
					"$(inherited)",
					"@executable_path/Frameworks",
				);
				PRODUCT_BUNDLE_IDENTIFIER = "JY.Memo-Programmtically";
				PRODUCT_NAME = "$(TARGET_NAME)";
				SWIFT_VERSION = 5.0;
				TARGETED_DEVICE_FAMILY = "1,2";
			};
			name = Debug;
		};
		D17FA4992302F2440054A2DE /* Release */ = {
			isa = XCBuildConfiguration;
			buildSettings = {
				ASSETCATALOG_COMPILER_APPICON_NAME = AppIcon;
				CODE_SIGN_STYLE = Automatic;
				DEVELOPMENT_TEAM = BVN954N659;
				INFOPLIST_FILE = Memo_Programmtically/Info.plist;
				LD_RUNPATH_SEARCH_PATHS = (
					"$(inherited)",
					"@executable_path/Frameworks",
				);
				PRODUCT_BUNDLE_IDENTIFIER = "JY.Memo-Programmtically";
				PRODUCT_NAME = "$(TARGET_NAME)";
				SWIFT_VERSION = 5.0;
				TARGETED_DEVICE_FAMILY = "1,2";
			};
			name = Release;
		};
/* End XCBuildConfiguration section */

/* Begin XCConfigurationList section */
		D17FA4802302F2430054A2DE /* Build configuration list for PBXProject "Memo_Programmtically" */ = {
			isa = XCConfigurationList;
			buildConfigurations = (
				D17FA4952302F2440054A2DE /* Debug */,
				D17FA4962302F2440054A2DE /* Release */,
			);
			defaultConfigurationIsVisible = 0;
			defaultConfigurationName = Release;
		};
		D17FA4972302F2440054A2DE /* Build configuration list for PBXNativeTarget "Memo_Programmtically" */ = {
			isa = XCConfigurationList;
			buildConfigurations = (
				D17FA4982302F2440054A2DE /* Debug */,
				D17FA4992302F2440054A2DE /* Release */,
			);
			defaultConfigurationIsVisible = 0;
			defaultConfigurationName = Release;
		};
/* End XCConfigurationList section */
	};
	rootObject = D17FA47D2302F2430054A2DE /* Project object */;
}
